
Microsoft Visual Studio Solution File, Format Version 12.00
# Visual Studio Version 17
VisualStudioVersion = 17.0.31903.59
MinimumVisualStudioVersion = 10.0.40219.1
Project("{2150E333-8FDC-42A3-9474-1A3956D46DE8}") = "src", "src", "{C32850FF-8C42-4276-A9EB-139F2BF998DD}"
EndProject
Project("{FAE04EC0-301F-11D3-BF4B-00C04F79EFBC}") = "AuctionService", "src\auctionservice\AuctionService.csproj", "{9A3D352C-D9AB-43C1-8289-63004751B669}"
EndProject
Project("{FAE04EC0-301F-11D3-BF4B-00C04F79EFBC}") = "SearchService", "src\SearchService\SearchService.csproj", "{D0FC5022-DF02-4F38-A750-2A8817A763F7}"
EndProject
Project("{FAE04EC0-301F-11D3-BF4B-00C04F79EFBC}") = "Contracts", "src\Contracts\Contracts.csproj", "{8D1D1131-CAC2-419A-8241-30EE31EB617E}"
EndProject
Project("{FAE04EC0-301F-11D3-BF4B-00C04F79EFBC}") = "IdentityService", "src\IdentityService\IdentityService.csproj", "{81181DEF-6141-4014-A051-4120AF3C7C4C}"
EndProject
Global
	GlobalSection(SolutionConfigurationPlatforms) = preSolution
		Debug|Any CPU = Debug|Any CPU
		Release|Any CPU = Release|Any CPU
	EndGlobalSection
	GlobalSection(SolutionProperties) = preSolution
		HideSolutionNode = FALSE
	EndGlobalSection
	GlobalSection(ProjectConfigurationPlatforms) = postSolution
		{9A3D352C-D9AB-43C1-8289-63004751B669}.Debug|Any CPU.ActiveCfg = Debug|Any CPU
		{9A3D352C-D9AB-43C1-8289-63004751B669}.Debug|Any CPU.Build.0 = Debug|Any CPU
		{9A3D352C-D9AB-43C1-8289-63004751B669}.Release|Any CPU.ActiveCfg = Release|Any CPU
		{9A3D352C-D9AB-43C1-8289-63004751B669}.Release|Any CPU.Build.0 = Release|Any CPU
		{D0FC5022-DF02-4F38-A750-2A8817A763F7}.Debug|Any CPU.ActiveCfg = Debug|Any CPU
		{D0FC5022-DF02-4F38-A750-2A8817A763F7}.Debug|Any CPU.Build.0 = Debug|Any CPU
		{D0FC5022-DF02-4F38-A750-2A8817A763F7}.Release|Any CPU.ActiveCfg = Release|Any CPU
		{D0FC5022-DF02-4F38-A750-2A8817A763F7}.Release|Any CPU.Build.0 = Release|Any CPU
		{8D1D1131-CAC2-419A-8241-30EE31EB617E}.Debug|Any CPU.ActiveCfg = Debug|Any CPU
		{8D1D1131-CAC2-419A-8241-30EE31EB617E}.Debug|Any CPU.Build.0 = Debug|Any CPU
		{8D1D1131-CAC2-419A-8241-30EE31EB617E}.Release|Any CPU.ActiveCfg = Release|Any CPU
		{8D1D1131-CAC2-419A-8241-30EE31EB617E}.Release|Any CPU.Build.0 = Release|Any CPU
		{81181DEF-6141-4014-A051-4120AF3C7C4C}.Debug|Any CPU.ActiveCfg = Debug|Any CPU
		{81181DEF-6141-4014-A051-4120AF3C7C4C}.Debug|Any CPU.Build.0 = Debug|Any CPU
		{81181DEF-6141-4014-A051-4120AF3C7C4C}.Release|Any CPU.ActiveCfg = Release|Any CPU
		{81181DEF-6141-4014-A051-4120AF3C7C4C}.Release|Any CPU.Build.0 = Release|Any CPU
	EndGlobalSection
	GlobalSection(NestedProjects) = preSolution
		{9A3D352C-D9AB-43C1-8289-63004751B669} = {C32850FF-8C42-4276-A9EB-139F2BF998DD}
		{D0FC5022-DF02-4F38-A750-2A8817A763F7} = {C32850FF-8C42-4276-A9EB-139F2BF998DD}
		{8D1D1131-CAC2-419A-8241-30EE31EB617E} = {C32850FF-8C42-4276-A9EB-139F2BF998DD}
		{81181DEF-6141-4014-A051-4120AF3C7C4C} = {C32850FF-8C42-4276-A9EB-139F2BF998DD}
	EndGlobalSection
EndGlobal
